
Microsoft Visual Studio Solution File, Format Version 12.00
# Visual Studio Version 16
VisualStudioVersion = 16.0.30621.155
MinimumVisualStudioVersion = 10.0.40219.1
Project("{FAE04EC0-301F-11D3-BF4B-00C04F79EFBC}") = "e-library", "e-library.csproj", "{4C06CC41-4836-4401-BABD-4A1E8B91AA4E}"
EndProject
Global
	GlobalSection(SolutionConfigurationPlatforms) = preSolution
		Debug|Any CPU = Debug|Any CPU
		Release|Any CPU = Release|Any CPU
	EndGlobalSection
	GlobalSection(ProjectConfigurationPlatforms) = postSolution
		{4C06CC41-4836-4401-BABD-4A1E8B91AA4E}.Debug|Any CPU.ActiveCfg = Debug|Any CPU
		{4C06CC41-4836-4401-BABD-4A1E8B91AA4E}.Debug|Any CPU.Build.0 = Debug|Any CPU
		{4C06CC41-4836-4401-BABD-4A1E8B91AA4E}.Release|Any CPU.ActiveCfg = Release|Any CPU
		{4C06CC41-4836-4401-BABD-4A1E8B91AA4E}.Release|Any CPU.Build.0 = Release|Any CPU
	EndGlobalSection
	GlobalSection(SolutionProperties) = preSolution
		HideSolutionNode = FALSE
	EndGlobalSection
	GlobalSection(ExtensibilityGlobals) = postSolution
		SolutionGuid = {9A765336-B676-445F-9E8C-8827B4A7A61A}
	EndGlobalSection
EndGlobal
